// !$*UTF8*$!
{
	archiveVersion = 1;
	classes = {
	};
	objectVersion = 46;
	objects = {

/* Begin PBXBuildFile section */
		E16F88C819196C0B00CD75E2 /* Foundation.framework in Frameworks */ = {isa = PBXBuildFile; fileRef = E16F88C719196C0B00CD75E2 /* Foundation.framework */; };
		E16F88CA19196C0B00CD75E2 /* CoreGraphics.framework in Frameworks */ = {isa = PBXBuildFile; fileRef = E16F88C919196C0B00CD75E2 /* CoreGraphics.framework */; };
		E16F88CC19196C0B00CD75E2 /* UIKit.framework in Frameworks */ = {isa = PBXBuildFile; fileRef = E16F88CB19196C0B00CD75E2 /* UIKit.framework */; };
		E16F88D219196C0B00CD75E2 /* InfoPlist.strings in Resources */ = {isa = PBXBuildFile; fileRef = E16F88D019196C0B00CD75E2 /* InfoPlist.strings */; };
		E16F88D419196C0B00CD75E2 /* main.m in Sources */ = {isa = PBXBuildFile; fileRef = E16F88D319196C0B00CD75E2 /* main.m */; };
		E16F88D819196C0B00CD75E2 /* AppDelegate.m in Sources */ = {isa = PBXBuildFile; fileRef = E16F88D719196C0B00CD75E2 /* AppDelegate.m */; };
		E16F88DB19196C0B00CD75E2 /* Main.storyboard in Resources */ = {isa = PBXBuildFile; fileRef = E16F88D919196C0B00CD75E2 /* Main.storyboard */; };
		E16F88DE19196C0B00CD75E2 /* MZAvailabelDownloads.m in Sources */ = {isa = PBXBuildFile; fileRef = E16F88DD19196C0B00CD75E2 /* MZAvailabelDownloads.m */; };
		E16F88E019196C0B00CD75E2 /* Images.xcassets in Resources */ = {isa = PBXBuildFile; fileRef = E16F88DF19196C0B00CD75E2 /* Images.xcassets */; };
		E16F88E719196C0B00CD75E2 /* XCTest.framework in Frameworks */ = {isa = PBXBuildFile; fileRef = E16F88E619196C0B00CD75E2 /* XCTest.framework */; };
		E16F88E819196C0B00CD75E2 /* Foundation.framework in Frameworks */ = {isa = PBXBuildFile; fileRef = E16F88C719196C0B00CD75E2 /* Foundation.framework */; };
		E16F88E919196C0B00CD75E2 /* UIKit.framework in Frameworks */ = {isa = PBXBuildFile; fileRef = E16F88CB19196C0B00CD75E2 /* UIKit.framework */; };
		E16F88F119196C0B00CD75E2 /* InfoPlist.strings in Resources */ = {isa = PBXBuildFile; fileRef = E16F88EF19196C0B00CD75E2 /* InfoPlist.strings */; };
		E16F88F319196C0B00CD75E2 /* DownloadManagerTests.m in Sources */ = {isa = PBXBuildFile; fileRef = E16F88F219196C0B00CD75E2 /* DownloadManagerTests.m */; };
		E16F88FF19196E8700CD75E2 /* MZDownloadManagerViewController.m in Sources */ = {isa = PBXBuildFile; fileRef = E16F88FE19196E8700CD75E2 /* MZDownloadManagerViewController.m */; };
		E16F890219196EDA00CD75E2 /* MZDownloadingCell.m in Sources */ = {isa = PBXBuildFile; fileRef = E16F890119196EDA00CD75E2 /* MZDownloadingCell.m */; };
		E16F89051919782C00CD75E2 /* MZUtility.m in Sources */ = {isa = PBXBuildFile; fileRef = E16F89041919782C00CD75E2 /* MZUtility.m */; };
		E16F890B19197E3E00CD75E2 /* MZDownloadedViewController.m in Sources */ = {isa = PBXBuildFile; fileRef = E16F890819197E3E00CD75E2 /* MZDownloadedViewController.m */; };
/* End PBXBuildFile section */

/* Begin PBXContainerItemProxy section */
		E16F88EA19196C0B00CD75E2 /* PBXContainerItemProxy */ = {
			isa = PBXContainerItemProxy;
			containerPortal = E16F88BC19196C0900CD75E2 /* Project object */;
			proxyType = 1;
			remoteGlobalIDString = E16F88C319196C0A00CD75E2;
			remoteInfo = DownloadManager;
		};
/* End PBXContainerItemProxy section */

/* Begin PBXFileReference section */
		E16F88C419196C0B00CD75E2 /* DownloadManager.app */ = {isa = PBXFileReference; explicitFileType = wrapper.application; includeInIndex = 0; path = DownloadManager.app; sourceTree = BUILT_PRODUCTS_DIR; };
		E16F88C719196C0B00CD75E2 /* Foundation.framework */ = {isa = PBXFileReference; lastKnownFileType = wrapper.framework; name = Foundation.framework; path = System/Library/Frameworks/Foundation.framework; sourceTree = SDKROOT; };
		E16F88C919196C0B00CD75E2 /* CoreGraphics.framework */ = {isa = PBXFileReference; lastKnownFileType = wrapper.framework; name = CoreGraphics.framework; path = System/Library/Frameworks/CoreGraphics.framework; sourceTree = SDKROOT; };
		E16F88CB19196C0B00CD75E2 /* UIKit.framework */ = {isa = PBXFileReference; lastKnownFileType = wrapper.framework; name = UIKit.framework; path = System/Library/Frameworks/UIKit.framework; sourceTree = SDKROOT; };
		E16F88CF19196C0B00CD75E2 /* DownloadManager-Info.plist */ = {isa = PBXFileReference; lastKnownFileType = text.plist.xml; path = "DownloadManager-Info.plist"; sourceTree = "<group>"; };
		E16F88D119196C0B00CD75E2 /* en */ = {isa = PBXFileReference; lastKnownFileType = text.plist.strings; name = en; path = en.lproj/InfoPlist.strings; sourceTree = "<group>"; };
		E16F88D319196C0B00CD75E2 /* main.m */ = {isa = PBXFileReference; lastKnownFileType = sourcecode.c.objc; path = main.m; sourceTree = "<group>"; };
		E16F88D519196C0B00CD75E2 /* DownloadManager-Prefix.pch */ = {isa = PBXFileReference; lastKnownFileType = sourcecode.c.h; path = "DownloadManager-Prefix.pch"; sourceTree = "<group>"; };
		E16F88D619196C0B00CD75E2 /* AppDelegate.h */ = {isa = PBXFileReference; lastKnownFileType = sourcecode.c.h; path = AppDelegate.h; sourceTree = "<group>"; };
		E16F88D719196C0B00CD75E2 /* AppDelegate.m */ = {isa = PBXFileReference; lastKnownFileType = sourcecode.c.objc; path = AppDelegate.m; sourceTree = "<group>"; };
		E16F88DA19196C0B00CD75E2 /* Base */ = {isa = PBXFileReference; lastKnownFileType = file.storyboard; name = Base; path = Base.lproj/Main.storyboard; sourceTree = "<group>"; };
		E16F88DC19196C0B00CD75E2 /* MZAvailabelDownloads.h */ = {isa = PBXFileReference; lastKnownFileType = sourcecode.c.h; path = MZAvailabelDownloads.h; sourceTree = "<group>"; };
		E16F88DD19196C0B00CD75E2 /* MZAvailabelDownloads.m */ = {isa = PBXFileReference; lastKnownFileType = sourcecode.c.objc; path = MZAvailabelDownloads.m; sourceTree = "<group>"; };
		E16F88DF19196C0B00CD75E2 /* Images.xcassets */ = {isa = PBXFileReference; lastKnownFileType = folder.assetcatalog; path = Images.xcassets; sourceTree = "<group>"; };
		E16F88E519196C0B00CD75E2 /* DownloadManagerTests.xctest */ = {isa = PBXFileReference; explicitFileType = wrapper.cfbundle; includeInIndex = 0; path = DownloadManagerTests.xctest; sourceTree = BUILT_PRODUCTS_DIR; };
		E16F88E619196C0B00CD75E2 /* XCTest.framework */ = {isa = PBXFileReference; lastKnownFileType = wrapper.framework; name = XCTest.framework; path = Library/Frameworks/XCTest.framework; sourceTree = DEVELOPER_DIR; };
		E16F88EE19196C0B00CD75E2 /* DownloadManagerTests-Info.plist */ = {isa = PBXFileReference; lastKnownFileType = text.plist.xml; path = "DownloadManagerTests-Info.plist"; sourceTree = "<group>"; };
		E16F88F019196C0B00CD75E2 /* en */ = {isa = PBXFileReference; lastKnownFileType = text.plist.strings; name = en; path = en.lproj/InfoPlist.strings; sourceTree = "<group>"; };
		E16F88F219196C0B00CD75E2 /* DownloadManagerTests.m */ = {isa = PBXFileReference; lastKnownFileType = sourcecode.c.objc; path = DownloadManagerTests.m; sourceTree = "<group>"; };
		E16F88FD19196E8700CD75E2 /* MZDownloadManagerViewController.h */ = {isa = PBXFileReference; fileEncoding = 4; lastKnownFileType = sourcecode.c.h; path = MZDownloadManagerViewController.h; sourceTree = "<group>"; };
		E16F88FE19196E8700CD75E2 /* MZDownloadManagerViewController.m */ = {isa = PBXFileReference; fileEncoding = 4; lastKnownFileType = sourcecode.c.objc; path = MZDownloadManagerViewController.m; sourceTree = "<group>"; };
		E16F890019196EDA00CD75E2 /* MZDownloadingCell.h */ = {isa = PBXFileReference; fileEncoding = 4; lastKnownFileType = sourcecode.c.h; path = MZDownloadingCell.h; sourceTree = "<group>"; };
		E16F890119196EDA00CD75E2 /* MZDownloadingCell.m */ = {isa = PBXFileReference; fileEncoding = 4; lastKnownFileType = sourcecode.c.objc; path = MZDownloadingCell.m; sourceTree = "<group>"; };
		E16F89031919782C00CD75E2 /* MZUtility.h */ = {isa = PBXFileReference; fileEncoding = 4; lastKnownFileType = sourcecode.c.h; path = MZUtility.h; sourceTree = "<group>"; };
		E16F89041919782C00CD75E2 /* MZUtility.m */ = {isa = PBXFileReference; fileEncoding = 4; lastKnownFileType = sourcecode.c.objc; path = MZUtility.m; sourceTree = "<group>"; };
		E16F890719197E3E00CD75E2 /* MZDownloadedViewController.h */ = {isa = PBXFileReference; fileEncoding = 4; lastKnownFileType = sourcecode.c.h; path = MZDownloadedViewController.h; sourceTree = "<group>"; };
		E16F890819197E3E00CD75E2 /* MZDownloadedViewController.m */ = {isa = PBXFileReference; fileEncoding = 4; lastKnownFileType = sourcecode.c.objc; path = MZDownloadedViewController.m; sourceTree = "<group>"; };
/* End PBXFileReference section */

/* Begin PBXFrameworksBuildPhase section */
		E16F88C119196C0A00CD75E2 /* Frameworks */ = {
			isa = PBXFrameworksBuildPhase;
			buildActionMask = 2147483647;
			files = (
				E16F88CA19196C0B00CD75E2 /* CoreGraphics.framework in Frameworks */,
				E16F88CC19196C0B00CD75E2 /* UIKit.framework in Frameworks */,
				E16F88C819196C0B00CD75E2 /* Foundation.framework in Frameworks */,
			);
			runOnlyForDeploymentPostprocessing = 0;
		};
		E16F88E219196C0B00CD75E2 /* Frameworks */ = {
			isa = PBXFrameworksBuildPhase;
			buildActionMask = 2147483647;
			files = (
				E16F88E719196C0B00CD75E2 /* XCTest.framework in Frameworks */,
				E16F88E919196C0B00CD75E2 /* UIKit.framework in Frameworks */,
				E16F88E819196C0B00CD75E2 /* Foundation.framework in Frameworks */,
			);
			runOnlyForDeploymentPostprocessing = 0;
		};
/* End PBXFrameworksBuildPhase section */

/* Begin PBXGroup section */
		E16F88BB19196C0900CD75E2 = {
			isa = PBXGroup;
			children = (
				E16F88CD19196C0B00CD75E2 /* DownloadManager */,
				E16F88EC19196C0B00CD75E2 /* DownloadManagerTests */,
				E16F88C619196C0B00CD75E2 /* Frameworks */,
				E16F88C519196C0B00CD75E2 /* Products */,
			);
			sourceTree = "<group>";
		};
		E16F88C519196C0B00CD75E2 /* Products */ = {
			isa = PBXGroup;
			children = (
				E16F88C419196C0B00CD75E2 /* DownloadManager.app */,
				E16F88E519196C0B00CD75E2 /* DownloadManagerTests.xctest */,
			);
			name = Products;
			sourceTree = "<group>";
		};
		E16F88C619196C0B00CD75E2 /* Frameworks */ = {
			isa = PBXGroup;
			children = (
				E16F88C719196C0B00CD75E2 /* Foundation.framework */,
				E16F88C919196C0B00CD75E2 /* CoreGraphics.framework */,
				E16F88CB19196C0B00CD75E2 /* UIKit.framework */,
				E16F88E619196C0B00CD75E2 /* XCTest.framework */,
			);
			name = Frameworks;
			sourceTree = "<group>";
		};
		E16F88CD19196C0B00CD75E2 /* DownloadManager */ = {
			isa = PBXGroup;
			children = (
				E16F88FC19196C3700CD75E2 /* MZDownloadManager */,
				E16F890619197DC100CD75E2 /* MZDownloadedViewController */,
				E16F88D619196C0B00CD75E2 /* AppDelegate.h */,
				E16F88D719196C0B00CD75E2 /* AppDelegate.m */,
				E16F88D919196C0B00CD75E2 /* Main.storyboard */,
				E16F88DC19196C0B00CD75E2 /* MZAvailabelDownloads.h */,
				E16F88DD19196C0B00CD75E2 /* MZAvailabelDownloads.m */,
				E16F88DF19196C0B00CD75E2 /* Images.xcassets */,
				E16F88CE19196C0B00CD75E2 /* Supporting Files */,
			);
			path = DownloadManager;
			sourceTree = "<group>";
		};
		E16F88CE19196C0B00CD75E2 /* Supporting Files */ = {
			isa = PBXGroup;
			children = (
				E16F88CF19196C0B00CD75E2 /* DownloadManager-Info.plist */,
				E16F88D019196C0B00CD75E2 /* InfoPlist.strings */,
				E16F88D319196C0B00CD75E2 /* main.m */,
				E16F88D519196C0B00CD75E2 /* DownloadManager-Prefix.pch */,
			);
			name = "Supporting Files";
			sourceTree = "<group>";
		};
		E16F88EC19196C0B00CD75E2 /* DownloadManagerTests */ = {
			isa = PBXGroup;
			children = (
				E16F88F219196C0B00CD75E2 /* DownloadManagerTests.m */,
				E16F88ED19196C0B00CD75E2 /* Supporting Files */,
			);
			path = DownloadManagerTests;
			sourceTree = "<group>";
		};
		E16F88ED19196C0B00CD75E2 /* Supporting Files */ = {
			isa = PBXGroup;
			children = (
				E16F88EE19196C0B00CD75E2 /* DownloadManagerTests-Info.plist */,
				E16F88EF19196C0B00CD75E2 /* InfoPlist.strings */,
			);
			name = "Supporting Files";
			sourceTree = "<group>";
		};
		E16F88FC19196C3700CD75E2 /* MZDownloadManager */ = {
			isa = PBXGroup;
			children = (
				E16F89031919782C00CD75E2 /* MZUtility.h */,
				E16F89041919782C00CD75E2 /* MZUtility.m */,
				E16F88FD19196E8700CD75E2 /* MZDownloadManagerViewController.h */,
				E16F88FE19196E8700CD75E2 /* MZDownloadManagerViewController.m */,
				E16F890019196EDA00CD75E2 /* MZDownloadingCell.h */,
				E16F890119196EDA00CD75E2 /* MZDownloadingCell.m */,
			);
			name = MZDownloadManager;
			sourceTree = "<group>";
		};
		E16F890619197DC100CD75E2 /* MZDownloadedViewController */ = {
			isa = PBXGroup;
			children = (
				E16F890719197E3E00CD75E2 /* MZDownloadedViewController.h */,
				E16F890819197E3E00CD75E2 /* MZDownloadedViewController.m */,
			);
			name = MZDownloadedViewController;
			sourceTree = "<group>";
		};
/* End PBXGroup section */

/* Begin PBXNativeTarget section */
		E16F88C319196C0A00CD75E2 /* DownloadManager */ = {
			isa = PBXNativeTarget;
			buildConfigurationList = E16F88F619196C0B00CD75E2 /* Build configuration list for PBXNativeTarget "DownloadManager" */;
			buildPhases = (
				E16F88C019196C0A00CD75E2 /* Sources */,
				E16F88C119196C0A00CD75E2 /* Frameworks */,
				E16F88C219196C0A00CD75E2 /* Resources */,
			);
			buildRules = (
			);
			dependencies = (
			);
			name = DownloadManager;
			productName = DownloadManager;
			productReference = E16F88C419196C0B00CD75E2 /* DownloadManager.app */;
			productType = "com.apple.product-type.application";
		};
		E16F88E419196C0B00CD75E2 /* DownloadManagerTests */ = {
			isa = PBXNativeTarget;
			buildConfigurationList = E16F88F919196C0B00CD75E2 /* Build configuration list for PBXNativeTarget "DownloadManagerTests" */;
			buildPhases = (
				E16F88E119196C0B00CD75E2 /* Sources */,
				E16F88E219196C0B00CD75E2 /* Frameworks */,
				E16F88E319196C0B00CD75E2 /* Resources */,
			);
			buildRules = (
			);
			dependencies = (
				E16F88EB19196C0B00CD75E2 /* PBXTargetDependency */,
			);
			name = DownloadManagerTests;
			productName = DownloadManagerTests;
			productReference = E16F88E519196C0B00CD75E2 /* DownloadManagerTests.xctest */;
			productType = "com.apple.product-type.bundle.unit-test";
		};
/* End PBXNativeTarget section */

/* Begin PBXProject section */
		E16F88BC19196C0900CD75E2 /* Project object */ = {
			isa = PBXProject;
			attributes = {
				LastUpgradeCheck = 0510;
				ORGANIZATIONNAME = Ideamakerz;
				TargetAttributes = {
					E16F88E419196C0B00CD75E2 = {
						TestTargetID = E16F88C319196C0A00CD75E2;
					};
				};
			};
			buildConfigurationList = E16F88BF19196C0A00CD75E2 /* Build configuration list for PBXProject "DownloadManager" */;
			compatibilityVersion = "Xcode 3.2";
			developmentRegion = English;
			hasScannedForEncodings = 0;
			knownRegions = (
				en,
				Base,
			);
			mainGroup = E16F88BB19196C0900CD75E2;
			productRefGroup = E16F88C519196C0B00CD75E2 /* Products */;
			projectDirPath = "";
			projectRoot = "";
			targets = (
				E16F88C319196C0A00CD75E2 /* DownloadManager */,
				E16F88E419196C0B00CD75E2 /* DownloadManagerTests */,
			);
		};
/* End PBXProject section */

/* Begin PBXResourcesBuildPhase section */
		E16F88C219196C0A00CD75E2 /* Resources */ = {
			isa = PBXResourcesBuildPhase;
			buildActionMask = 2147483647;
			files = (
				E16F88E019196C0B00CD75E2 /* Images.xcassets in Resources */,
				E16F88D219196C0B00CD75E2 /* InfoPlist.strings in Resources */,
				E16F88DB19196C0B00CD75E2 /* Main.storyboard in Resources */,
			);
			runOnlyForDeploymentPostprocessing = 0;
		};
		E16F88E319196C0B00CD75E2 /* Resources */ = {
			isa = PBXResourcesBuildPhase;
			buildActionMask = 2147483647;
			files = (
				E16F88F119196C0B00CD75E2 /* InfoPlist.strings in Resources */,
			);
			runOnlyForDeploymentPostprocessing = 0;
		};
/* End PBXResourcesBuildPhase section */

/* Begin PBXSourcesBuildPhase section */
		E16F88C019196C0A00CD75E2 /* Sources */ = {
			isa = PBXSourcesBuildPhase;
			buildActionMask = 2147483647;
			files = (
				E16F890219196EDA00CD75E2 /* MZDownloadingCell.m in Sources */,
				E16F88FF19196E8700CD75E2 /* MZDownloadManagerViewController.m in Sources */,
				E16F890B19197E3E00CD75E2 /* MZDownloadedViewController.m in Sources */,
				E16F88DE19196C0B00CD75E2 /* MZAvailabelDownloads.m in Sources */,
				E16F89051919782C00CD75E2 /* MZUtility.m in Sources */,
				E16F88D819196C0B00CD75E2 /* AppDelegate.m in Sources */,
				E16F88D419196C0B00CD75E2 /* main.m in Sources */,
			);
			runOnlyForDeploymentPostprocessing = 0;
		};
		E16F88E119196C0B00CD75E2 /* Sources */ = {
			isa = PBXSourcesBuildPhase;
			buildActionMask = 2147483647;
			files = (
				E16F88F319196C0B00CD75E2 /* DownloadManagerTests.m in Sources */,
			);
			runOnlyForDeploymentPostprocessing = 0;
		};
/* End PBXSourcesBuildPhase section */

/* Begin PBXTargetDependency section */
		E16F88EB19196C0B00CD75E2 /* PBXTargetDependency */ = {
			isa = PBXTargetDependency;
			target = E16F88C319196C0A00CD75E2 /* DownloadManager */;
			targetProxy = E16F88EA19196C0B00CD75E2 /* PBXContainerItemProxy */;
		};
/* End PBXTargetDependency section */

/* Begin PBXVariantGroup section */
		E16F88D019196C0B00CD75E2 /* InfoPlist.strings */ = {
			isa = PBXVariantGroup;
			children = (
				E16F88D119196C0B00CD75E2 /* en */,
			);
			name = InfoPlist.strings;
			sourceTree = "<group>";
		};
		E16F88D919196C0B00CD75E2 /* Main.storyboard */ = {
			isa = PBXVariantGroup;
			children = (
				E16F88DA19196C0B00CD75E2 /* Base */,
			);
			name = Main.storyboard;
			sourceTree = "<group>";
		};
		E16F88EF19196C0B00CD75E2 /* InfoPlist.strings */ = {
			isa = PBXVariantGroup;
			children = (
				E16F88F019196C0B00CD75E2 /* en */,
			);
			name = InfoPlist.strings;
			sourceTree = "<group>";
		};
/* End PBXVariantGroup section */

/* Begin XCBuildConfiguration section */
		E16F88F419196C0B00CD75E2 /* Debug */ = {
			isa = XCBuildConfiguration;
			buildSettings = {
				ALWAYS_SEARCH_USER_PATHS = NO;
				CLANG_CXX_LANGUAGE_STANDARD = "gnu++0x";
				CLANG_CXX_LIBRARY = "libc++";
				CLANG_ENABLE_MODULES = YES;
				CLANG_ENABLE_OBJC_ARC = YES;
				CLANG_WARN_BOOL_CONVERSION = YES;
				CLANG_WARN_CONSTANT_CONVERSION = YES;
				CLANG_WARN_DIRECT_OBJC_ISA_USAGE = YES_ERROR;
				CLANG_WARN_EMPTY_BODY = YES;
				CLANG_WARN_ENUM_CONVERSION = YES;
				CLANG_WARN_INT_CONVERSION = YES;
				CLANG_WARN_OBJC_ROOT_CLASS = YES_ERROR;
				CLANG_WARN__DUPLICATE_METHOD_MATCH = YES;
				"CODE_SIGN_IDENTITY[sdk=iphoneos*]" = "iPhone Developer";
				COPY_PHASE_STRIP = NO;
				GCC_C_LANGUAGE_STANDARD = gnu99;
				GCC_DYNAMIC_NO_PIC = NO;
				GCC_OPTIMIZATION_LEVEL = 0;
				GCC_PREPROCESSOR_DEFINITIONS = (
					"DEBUG=1",
					"$(inherited)",
				);
				GCC_SYMBOLS_PRIVATE_EXTERN = NO;
				GCC_WARN_64_TO_32_BIT_CONVERSION = YES;
				GCC_WARN_ABOUT_RETURN_TYPE = YES_ERROR;
				GCC_WARN_UNDECLARED_SELECTOR = YES;
				GCC_WARN_UNINITIALIZED_AUTOS = YES_AGGRESSIVE;
				GCC_WARN_UNUSED_FUNCTION = YES;
				GCC_WARN_UNUSED_VARIABLE = YES;
				IPHONEOS_DEPLOYMENT_TARGET = 7.1;
				ONLY_ACTIVE_ARCH = YES;
				SDKROOT = iphoneos;
			};
			name = Debug;
		};
		E16F88F519196C0B00CD75E2 /* Release */ = {
			isa = XCBuildConfiguration;
			buildSettings = {
				ALWAYS_SEARCH_USER_PATHS = NO;
				CLANG_CXX_LANGUAGE_STANDARD = "gnu++0x";
				CLANG_CXX_LIBRARY = "libc++";
				CLANG_ENABLE_MODULES = YES;
				CLANG_ENABLE_OBJC_ARC = YES;
				CLANG_WARN_BOOL_CONVERSION = YES;
				CLANG_WARN_CONSTANT_CONVERSION = YES;
				CLANG_WARN_DIRECT_OBJC_ISA_USAGE = YES_ERROR;
				CLANG_WARN_EMPTY_BODY = YES;
				CLANG_WARN_ENUM_CONVERSION = YES;
				CLANG_WARN_INT_CONVERSION = YES;
				CLANG_WARN_OBJC_ROOT_CLASS = YES_ERROR;
				CLANG_WARN__DUPLICATE_METHOD_MATCH = YES;
				"CODE_SIGN_IDENTITY[sdk=iphoneos*]" = "iPhone Developer";
				COPY_PHASE_STRIP = YES;
				ENABLE_NS_ASSERTIONS = NO;
				GCC_C_LANGUAGE_STANDARD = gnu99;
				GCC_WARN_64_TO_32_BIT_CONVERSION = YES;
				GCC_WARN_ABOUT_RETURN_TYPE = YES_ERROR;
				GCC_WARN_UNDECLARED_SELECTOR = YES;
				GCC_WARN_UNINITIALIZED_AUTOS = YES_AGGRESSIVE;
				GCC_WARN_UNUSED_FUNCTION = YES;
				GCC_WARN_UNUSED_VARIABLE = YES;
				IPHONEOS_DEPLOYMENT_TARGET = 7.1;
				SDKROOT = iphoneos;
				VALIDATE_PRODUCT = YES;
			};
			name = Release;
		};
		E16F88F719196C0B00CD75E2 /* Debug */ = {
			isa = XCBuildConfiguration;
			buildSettings = {
				ASSETCATALOG_COMPILER_APPICON_NAME = AppIcon;
				ASSETCATALOG_COMPILER_LAUNCHIMAGE_NAME = LaunchImage;
				CODE_SIGN_IDENTITY = "iPhone Distribution: AvenueSocial, Inc";
				"CODE_SIGN_IDENTITY[sdk=iphoneos*]" = "iPhone Distribution: AvenueSocial, Inc";
				GCC_PRECOMPILE_PREFIX_HEADER = YES;
				GCC_PREFIX_HEADER = "DownloadManager/DownloadManager-Prefix.pch";
				INFOPLIST_FILE = "DownloadManager/DownloadManager-Info.plist";
				PRODUCT_NAME = "$(TARGET_NAME)";
				PROVISIONING_PROFILE = "6E485C10-DEBD-4709-8124-0AC7D0D8B05A";
				WRAPPER_EXTENSION = app;
			};
			name = Debug;
		};
		E16F88F819196C0B00CD75E2 /* Release */ = {
			isa = XCBuildConfiguration;
			buildSettings = {
				ASSETCATALOG_COMPILER_APPICON_NAME = AppIcon;
				ASSETCATALOG_COMPILER_LAUNCHIMAGE_NAME = LaunchImage;
				CODE_SIGN_IDENTITY = "iPhone Distribution: AvenueSocial, Inc";
				"CODE_SIGN_IDENTITY[sdk=iphoneos*]" = "iPhone Distribution: AvenueSocial, Inc";
				GCC_PRECOMPILE_PREFIX_HEADER = YES;
				GCC_PREFIX_HEADER = "DownloadManager/DownloadManager-Prefix.pch";
				INFOPLIST_FILE = "DownloadManager/DownloadManager-Info.plist";
				PRODUCT_NAME = "$(TARGET_NAME)";
				PROVISIONING_PROFILE = "6E485C10-DEBD-4709-8124-0AC7D0D8B05A";
				WRAPPER_EXTENSION = app;
			};
			name = Release;
		};
		E16F88FA19196C0B00CD75E2 /* Debug */ = {
			isa = XCBuildConfiguration;
			buildSettings = {
				BUNDLE_LOADER = "$(BUILT_PRODUCTS_DIR)/DownloadManager.app/DownloadManager";
				FRAMEWORK_SEARCH_PATHS = (
					"$(SDKROOT)/Developer/Library/Frameworks",
					"$(inherited)",
					"$(DEVELOPER_FRAMEWORKS_DIR)",
				);
				GCC_PRECOMPILE_PREFIX_HEADER = YES;
				GCC_PREFIX_HEADER = "DownloadManager/DownloadManager-Prefix.pch";
				GCC_PREPROCESSOR_DEFINITIONS = (
					"DEBUG=1",
					"$(inherited)",
				);
				INFOPLIST_FILE = "DownloadManagerTests/DownloadManagerTests-Info.plist";
				PRODUCT_NAME = "$(TARGET_NAME)";
				TEST_HOST = "$(BUNDLE_LOADER)";
				WRAPPER_EXTENSION = xctest;
			};
			name = Debug;
		};
		E16F88FB19196C0B00CD75E2 /* Release */ = {
			isa = XCBuildConfiguration;
			buildSettings = {
				BUNDLE_LOADER = "$(BUILT_PRODUCTS_DIR)/DownloadManager.app/DownloadManager";
				FRAMEWORK_SEARCH_PATHS = (
					"$(SDKROOT)/Developer/Library/Frameworks",
					"$(inherited)",
					"$(DEVELOPER_FRAMEWORKS_DIR)",
				);
				GCC_PRECOMPILE_PREFIX_HEADER = YES;
				GCC_PREFIX_HEADER = "DownloadManager/DownloadManager-Prefix.pch";
				INFOPLIST_FILE = "DownloadManagerTests/DownloadManagerTests-Info.plist";
				PRODUCT_NAME = "$(TARGET_NAME)";
				TEST_HOST = "$(BUNDLE_LOADER)";
				WRAPPER_EXTENSION = xctest;
			};
			name = Release;
		};
/* End XCBuildConfiguration section */

/* Begin XCConfigurationList section */
		E16F88BF19196C0A00CD75E2 /* Build configuration list for PBXProject "DownloadManager" */ = {
			isa = XCConfigurationList;
			buildConfigurations = (
				E16F88F419196C0B00CD75E2 /* Debug */,
				E16F88F519196C0B00CD75E2 /* Release */,
			);
			defaultConfigurationIsVisible = 0;
			defaultConfigurationName = Release;
		};
		E16F88F619196C0B00CD75E2 /* Build configuration list for PBXNativeTarget "DownloadManager" */ = {
			isa = XCConfigurationList;
			buildConfigurations = (
				E16F88F719196C0B00CD75E2 /* Debug */,
				E16F88F819196C0B00CD75E2 /* Release */,
			);
			defaultConfigurationIsVisible = 0;
			defaultConfigurationName = Release;
		};
		E16F88F919196C0B00CD75E2 /* Build configuration list for PBXNativeTarget "DownloadManagerTests" */ = {
			isa = XCConfigurationList;
			buildConfigurations = (
				E16F88FA19196C0B00CD75E2 /* Debug */,
				E16F88FB19196C0B00CD75E2 /* Release */,
			);
			defaultConfigurationIsVisible = 0;
			defaultConfigurationName = Release;
		};
/* End XCConfigurationList section */
	};
	rootObject = E16F88BC19196C0900CD75E2 /* Project object */;
}
