// !$*UTF8*$!
{
	archiveVersion = 1;
	classes = {
	};
	objectVersion = 46;
	objects = {

/* Begin PBXBuildFile section */
		12BE2184164B757A001270EC /* UIKit.framework in Frameworks */ = {isa = PBXBuildFile; fileRef = 12BE2183164B757A001270EC /* UIKit.framework */; };
		12BE2186164B757A001270EC /* Foundation.framework in Frameworks */ = {isa = PBXBuildFile; fileRef = 12BE2185164B757A001270EC /* Foundation.framework */; };
		12BE2188164B757A001270EC /* CoreGraphics.framework in Frameworks */ = {isa = PBXBuildFile; fileRef = 12BE2187164B757A001270EC /* CoreGraphics.framework */; };
		12BE218E164B757A001270EC /* InfoPlist.strings in Resources */ = {isa = PBXBuildFile; fileRef = 12BE218C164B757A001270EC /* InfoPlist.strings */; };
		12BE2190164B757A001270EC /* main.m in Sources */ = {isa = PBXBuildFile; fileRef = 12BE218F164B757A001270EC /* main.m */; };
		12BE2194164B757B001270EC /* AppDelegate.m in Sources */ = {isa = PBXBuildFile; fileRef = 12BE2193164B757B001270EC /* AppDelegate.m */; };
		12BE2197164B757B001270EC /* ViewController.m in Sources */ = {isa = PBXBuildFile; fileRef = 12BE2196164B757B001270EC /* ViewController.m */; };
		12BE219A164B757B001270EC /* ViewController.xib in Resources */ = {isa = PBXBuildFile; fileRef = 12BE2198164B757B001270EC /* ViewController.xib */; };
/* End PBXBuildFile section */

/* Begin PBXFileReference section */
		12BE217F164B757A001270EC /* MyDownloadManager.app */ = {isa = PBXFileReference; explicitFileType = wrapper.application; includeInIndex = 0; path = MyDownloadManager.app; sourceTree = BUILT_PRODUCTS_DIR; };
		12BE2183164B757A001270EC /* UIKit.framework */ = {isa = PBXFileReference; lastKnownFileType = wrapper.framework; name = UIKit.framework; path = System/Library/Frameworks/UIKit.framework; sourceTree = SDKROOT; };
		12BE2185164B757A001270EC /* Foundation.framework */ = {isa = PBXFileReference; lastKnownFileType = wrapper.framework; name = Foundation.framework; path = System/Library/Frameworks/Foundation.framework; sourceTree = SDKROOT; };
		12BE2187164B757A001270EC /* CoreGraphics.framework */ = {isa = PBXFileReference; lastKnownFileType = wrapper.framework; name = CoreGraphics.framework; path = System/Library/Frameworks/CoreGraphics.framework; sourceTree = SDKROOT; };
		12BE218B164B757A001270EC /* MyDownloadManager-Info.plist */ = {isa = PBXFileReference; path = "MyDownloadManager-Info.plist"; sourceTree = "<group>"; };
		12BE218D164B757A001270EC /* en */ = {isa = PBXFileReference; lastKnownFileType = text.plist.strings; name = en; path = en.lproj/InfoPlist.strings; sourceTree = "<group>"; };
		12BE218F164B757A001270EC /* main.m */ = {isa = PBXFileReference; lastKnownFileType = sourcecode.c.objc; path = main.m; sourceTree = "<group>"; };
		12BE2191164B757A001270EC /* MyDownloadManager-Prefix.pch */ = {isa = PBXFileReference; path = "MyDownloadManager-Prefix.pch"; sourceTree = "<group>"; };
		12BE2192164B757B001270EC /* AppDelegate.h */ = {isa = PBXFileReference; path = AppDelegate.h; sourceTree = "<group>"; };
		12BE2193164B757B001270EC /* AppDelegate.m */ = {isa = PBXFileReference; lastKnownFileType = sourcecode.c.objc; path = AppDelegate.m; sourceTree = "<group>"; };
		12BE2195164B757B001270EC /* ViewController.h */ = {isa = PBXFileReference; path = ViewController.h; sourceTree = "<group>"; };
		12BE2196164B757B001270EC /* ViewController.m */ = {isa = PBXFileReference; lastKnownFileType = sourcecode.c.objc; path = ViewController.m; sourceTree = "<group>"; };
		12BE2199164B757B001270EC /* en */ = {isa = PBXFileReference; lastKnownFileType = file.xib; name = en; path = en.lproj/ViewController.xib; sourceTree = "<group>"; };
/* End PBXFileReference section */

/* Begin PBXFrameworksBuildPhase section */
		12BE217C164B757A001270EC /* Frameworks */ = {
			isa = PBXFrameworksBuildPhase;
			buildActionMask = 2147483647;
			files = (
				12BE2184164B757A001270EC /* UIKit.framework in Frameworks */,
				12BE2186164B757A001270EC /* Foundation.framework in Frameworks */,
				12BE2188164B757A001270EC /* CoreGraphics.framework in Frameworks */,
			);
			runOnlyForDeploymentPostprocessing = 0;
		};
/* End PBXFrameworksBuildPhase section */

/* Begin PBXGroup section */
		12BE2174164B757A001270EC = {
			isa = PBXGroup;
			children = (
				12BE2189164B757A001270EC /* MyDownloadManager */,
				12BE2182164B757A001270EC /* Frameworks */,
				12BE2180164B757A001270EC /* Products */,
			);
			sourceTree = "<group>";
		};
		12BE2180164B757A001270EC /* Products */ = {
			isa = PBXGroup;
			children = (
				12BE217F164B757A001270EC /* MyDownloadManager.app */,
			);
			name = Products;
			sourceTree = "<group>";
		};
		12BE2182164B757A001270EC /* Frameworks */ = {
			isa = PBXGroup;
			children = (
				12BE2183164B757A001270EC /* UIKit.framework */,
				12BE2185164B757A001270EC /* Foundation.framework */,
				12BE2187164B757A001270EC /* CoreGraphics.framework */,
			);
			name = Frameworks;
			sourceTree = "<group>";
		};
		12BE2189164B757A001270EC /* MyDownloadManager */ = {
			isa = PBXGroup;
			children = (
				12BE2192164B757B001270EC /* AppDelegate.h */,
				12BE2193164B757B001270EC /* AppDelegate.m */,
				12BE2195164B757B001270EC /* ViewController.h */,
				12BE2196164B757B001270EC /* ViewController.m */,
				12BE2198164B757B001270EC /* ViewController.xib */,
				12BE218A164B757A001270EC /* Supporting Files */,
			);
			path = MyDownloadManager;
			sourceTree = "<group>";
		};
		12BE218A164B757A001270EC /* Supporting Files */ = {
			isa = PBXGroup;
			children = (
				12BE218B164B757A001270EC /* MyDownloadManager-Info.plist */,
				12BE218C164B757A001270EC /* InfoPlist.strings */,
				12BE218F164B757A001270EC /* main.m */,
				12BE2191164B757A001270EC /* MyDownloadManager-Prefix.pch */,
			);
			name = "Supporting Files";
			sourceTree = "<group>";
		};
/* End PBXGroup section */

/* Begin PBXNativeTarget section */
		12BE217E164B757A001270EC /* MyDownloadManager */ = {
			isa = PBXNativeTarget;
			buildConfigurationList = 12BE219D164B757B001270EC /* Build configuration list for PBXNativeTarget "MyDownloadManager" */;
			buildPhases = (
				12BE217B164B757A001270EC /* Sources */,
				12BE217C164B757A001270EC /* Frameworks */,
				12BE217D164B757A001270EC /* Resources */,
			);
			buildRules = (
			);
			dependencies = (
			);
			name = MyDownloadManager;
			productName = MyDownloadManager;
			productReference = 12BE217F164B757A001270EC /* MyDownloadManager.app */;
			productType = "com.apple.product-type.application";
		};
/* End PBXNativeTarget section */

/* Begin PBXProject section */
		12BE2176164B757A001270EC /* Project object */ = {
			isa = PBXProject;
			attributes = {
				LastUpgradeCheck = 0430;
				ORGANIZATIONNAME = FUUAST;
			};
			buildConfigurationList = 12BE2179164B757A001270EC /* Build configuration list for PBXProject "MyDownloadManager" */;
			compatibilityVersion = "Xcode 3.2";
			developmentRegion = English;
			hasScannedForEncodings = 0;
			knownRegions = (
				en,
			);
			mainGroup = 12BE2174164B757A001270EC;
			productRefGroup = 12BE2180164B757A001270EC /* Products */;
			projectDirPath = "";
			projectRoot = "";
			targets = (
				12BE217E164B757A001270EC /* MyDownloadManager */,
			);
		};
/* End PBXProject section */

/* Begin PBXResourcesBuildPhase section */
		12BE217D164B757A001270EC /* Resources */ = {
			isa = PBXResourcesBuildPhase;
			buildActionMask = 2147483647;
			files = (
				12BE218E164B757A001270EC /* InfoPlist.strings in Resources */,
				12BE219A164B757B001270EC /* ViewController.xib in Resources */,
			);
			runOnlyForDeploymentPostprocessing = 0;
		};
/* End PBXResourcesBuildPhase section */

/* Begin PBXSourcesBuildPhase section */
		12BE217B164B757A001270EC /* Sources */ = {
			isa = PBXSourcesBuildPhase;
			buildActionMask = 2147483647;
			files = (
				12BE2190164B757A001270EC /* main.m in Sources */,
				12BE2194164B757B001270EC /* AppDelegate.m in Sources */,
				12BE2197164B757B001270EC /* ViewController.m in Sources */,
			);
			runOnlyForDeploymentPostprocessing = 0;
		};
/* End PBXSourcesBuildPhase section */

/* Begin PBXVariantGroup section */
		12BE218C164B757A001270EC /* InfoPlist.strings */ = {
			isa = PBXVariantGroup;
			children = (
				12BE218D164B757A001270EC /* en */,
			);
			name = InfoPlist.strings;
			sourceTree = "<group>";
		};
		12BE2198164B757B001270EC /* ViewController.xib */ = {
			isa = PBXVariantGroup;
			children = (
				12BE2199164B757B001270EC /* en */,
			);
			name = ViewController.xib;
			sourceTree = "<group>";
		};
/* End PBXVariantGroup section */

/* Begin XCBuildConfiguration section */
		12BE219B164B757B001270EC /* Debug */ = {
			isa = XCBuildConfiguration;
			buildSettings = {
				ALWAYS_SEARCH_USER_PATHS = NO;
				ARCHS = "$(ARCHS_STANDARD_32_BIT)";
				CLANG_ENABLE_OBJC_ARC = YES;
				"CODE_SIGN_IDENTITY[sdk=iphoneos*]" = "iPhone Developer";
				COPY_PHASE_STRIP = NO;
				GCC_C_LANGUAGE_STANDARD = gnu99;
				GCC_DYNAMIC_NO_PIC = NO;
				GCC_OPTIMIZATION_LEVEL = 0;
				GCC_PREPROCESSOR_DEFINITIONS = (
					"DEBUG=1",
					"$(inherited)",
				);
				GCC_SYMBOLS_PRIVATE_EXTERN = NO;
				GCC_VERSION = com.apple.compilers.llvm.clang.1_0;
				GCC_WARN_ABOUT_RETURN_TYPE = YES;
				GCC_WARN_UNINITIALIZED_AUTOS = YES;
				GCC_WARN_UNUSED_VARIABLE = YES;
				IPHONEOS_DEPLOYMENT_TARGET = 5.1;
				SDKROOT = iphoneos;
			};
			name = Debug;
		};
		12BE219C164B757B001270EC /* Release */ = {
			isa = XCBuildConfiguration;
			buildSettings = {
				ALWAYS_SEARCH_USER_PATHS = NO;
				ARCHS = "$(ARCHS_STANDARD_32_BIT)";
				CLANG_ENABLE_OBJC_ARC = YES;
				"CODE_SIGN_IDENTITY[sdk=iphoneos*]" = "iPhone Developer";
				COPY_PHASE_STRIP = YES;
				GCC_C_LANGUAGE_STANDARD = gnu99;
				GCC_VERSION = com.apple.compilers.llvm.clang.1_0;
				GCC_WARN_ABOUT_RETURN_TYPE = YES;
				GCC_WARN_UNINITIALIZED_AUTOS = YES;
				GCC_WARN_UNUSED_VARIABLE = YES;
				IPHONEOS_DEPLOYMENT_TARGET = 5.1;
				OTHER_CFLAGS = "-DNS_BLOCK_ASSERTIONS=1";
				SDKROOT = iphoneos;
				VALIDATE_PRODUCT = YES;
			};
			name = Release;
		};
		12BE219E164B757B001270EC /* Debug */ = {
			isa = XCBuildConfiguration;
			buildSettings = {
				GCC_PRECOMPILE_PREFIX_HEADER = YES;
				GCC_PREFIX_HEADER = "MyDownloadManager/MyDownloadManager-Prefix.pch";
				INFOPLIST_FILE = "MyDownloadManager/MyDownloadManager-Info.plist";
				PRODUCT_NAME = "$(TARGET_NAME)";
				WRAPPER_EXTENSION = app;
			};
			name = Debug;
		};
		12BE219F164B757B001270EC /* Release */ = {
			isa = XCBuildConfiguration;
			buildSettings = {
				GCC_PRECOMPILE_PREFIX_HEADER = YES;
				GCC_PREFIX_HEADER = "MyDownloadManager/MyDownloadManager-Prefix.pch";
				INFOPLIST_FILE = "MyDownloadManager/MyDownloadManager-Info.plist";
				PRODUCT_NAME = "$(TARGET_NAME)";
				WRAPPER_EXTENSION = app;
			};
			name = Release;
		};
/* End XCBuildConfiguration section */

/* Begin XCConfigurationList section */
		12BE2179164B757A001270EC /* Build configuration list for PBXProject "MyDownloadManager" */ = {
			isa = XCConfigurationList;
			buildConfigurations = (
				12BE219B164B757B001270EC /* Debug */,
				12BE219C164B757B001270EC /* Release */,
			);
			defaultConfigurationIsVisible = 0;
			defaultConfigurationName = Release;
		};
		12BE219D164B757B001270EC /* Build configuration list for PBXNativeTarget "MyDownloadManager" */ = {
			isa = XCConfigurationList;
			buildConfigurations = (
				12BE219E164B757B001270EC /* Debug */,
				12BE219F164B757B001270EC /* Release */,
			);
			defaultConfigurationIsVisible = 0;
		};
/* End XCConfigurationList section */
	};
	rootObject = 12BE2176164B757A001270EC /* Project object */;
}
